
Microsoft Visual Studio Solution File, Format Version 12.00
# Visual Studio 14
VisualStudioVersion = 14.0.23107.0
MinimumVisualStudioVersion = 10.0.40219.1
Project("{151D2E53-A2C4-4D7D-83FE-D05416EBD58E}") = "resource-loop-vms-LB", "resource-loop-vms-LB.deployproj", "{78FD8811-3A3C-48DC-9F88-12237F05EE0F}"
EndProject
Global
	GlobalSection(SolutionConfigurationPlatforms) = preSolution
		Debug|Any CPU = Debug|Any CPU
		Release|Any CPU = Release|Any CPU
	EndGlobalSection
	GlobalSection(ProjectConfigurationPlatforms) = postSolution
		{78FD8811-3A3C-48DC-9F88-12237F05EE0F}.Debug|Any CPU.ActiveCfg = Debug|Any CPU
		{78FD8811-3A3C-48DC-9F88-12237F05EE0F}.Debug|Any CPU.Build.0 = Debug|Any CPU
		{78FD8811-3A3C-48DC-9F88-12237F05EE0F}.Release|Any CPU.ActiveCfg = Release|Any CPU
		{78FD8811-3A3C-48DC-9F88-12237F05EE0F}.Release|Any CPU.Build.0 = Release|Any CPU
	EndGlobalSection
	GlobalSection(SolutionProperties) = preSolution
		HideSolutionNode = FALSE
	EndGlobalSection
EndGlobal
